# THIS IS AN AUTOGENERATED FILE. DO NOT EDIT THIS FILE DIRECTLY.
# yarn lockfile v1
accepts@^1.2.2:
  version "1.3.3"
  resolved "https://registry.yarnpkg.com/accepts/-/accepts-1.3.3.tgz#c3ca7434938648c3e0d9c1e328dd68b622c284ca"
  dependencies:
    mime-types "~2.1.11"
    negotiator "0.6.1"

ansi-regex@^2.0.0:
  version "2.0.0"
  resolved "https://registry.npmjs.org/ansi-regex/-/ansi-regex-2.0.0.tgz#c5061b6e0ef8a81775e50f5d66151bf6bf371107"

ansi-styles@^2.2.1:
  version "2.2.1"
  resolved "https://registry.npmjs.org/ansi-styles/-/ansi-styles-2.2.1.tgz#b432dd3358b634cf75e1e4664368240533c1ddbe"

any-promise@^1.1.0:
  version "1.3.0"
  resolved "https://registry.yarnpkg.com/any-promise/-/any-promise-1.3.0.tgz#abc6afeedcea52e809cdc0376aed3ce39635d17f"

axios:
  version "0.15.2"
  resolved "https://registry.npmjs.org/axios/-/axios-0.15.2.tgz#496f50980b2ce1ad2e195af93c2d03b4d035e90d"
  dependencies:
    follow-redirects "0.0.7"

babel-code-frame@^6.16.0:
  version "6.16.0"
  resolved "https://registry.npmjs.org/babel-code-frame/-/babel-code-frame-6.16.0.tgz#f90e60da0862909d3ce098733b5d3987c97cb8de"
  dependencies:
    chalk "^1.1.0"
    esutils "^2.0.2"
    js-tokens "^2.0.0"

babel-core@^6.18.0:
  version "6.18.0"
  resolved "https://registry.npmjs.org/babel-core/-/babel-core-6.18.0.tgz#bb5ce9bc0a956e6e94e2f12d597abb3b0b330deb"
  dependencies:
    babel-code-frame "^6.16.0"
    babel-generator "^6.18.0"
    babel-helpers "^6.16.0"
    babel-messages "^6.8.0"
    babel-register "^6.18.0"
    babel-runtime "^6.9.1"
    babel-template "^6.16.0"
    babel-traverse "^6.18.0"
    babel-types "^6.18.0"
    babylon "^6.11.0"
    convert-source-map "^1.1.0"
    debug "^2.1.1"
    json5 "^0.5.0"
    lodash "^4.2.0"
    minimatch "^3.0.2"
    path-is-absolute "^1.0.0"
    private "^0.1.6"
    slash "^1.0.0"
    source-map "^0.5.0"

babel-generator@^6.18.0:
  version "6.18.0"
  resolved "https://registry.npmjs.org/babel-generator/-/babel-generator-6.18.0.tgz#e4f104cb3063996d9850556a45aae4a022060a07"
  dependencies:
    babel-messages "^6.8.0"
    babel-runtime "^6.9.0"
    babel-types "^6.18.0"
    detect-indent "^4.0.0"
    jsesc "^1.3.0"
    lodash "^4.2.0"
    source-map "^0.5.0"

babel-helper-function-name@^6.18.0:
  version "6.18.0"
  resolved "https://registry.npmjs.org/babel-helper-function-name/-/babel-helper-function-name-6.18.0.tgz#68ec71aeba1f3e28b2a6f0730190b754a9bf30e6"
  dependencies:
    babel-helper-get-function-arity "^6.18.0"
    babel-runtime "^6.0.0"
    babel-template "^6.8.0"
    babel-traverse "^6.18.0"
    babel-types "^6.18.0"

babel-helper-get-function-arity@^6.18.0:
  version "6.18.0"
  resolved "https://registry.npmjs.org/babel-helper-get-function-arity/-/babel-helper-get-function-arity-6.18.0.tgz#a5b19695fd3f9cdfc328398b47dafcd7094f9f24"
  dependencies:
    babel-runtime "^6.0.0"
    babel-types "^6.18.0"

babel-helper-remap-async-to-generator@^6.16.0:
  version "6.18.0"
  resolved "https://registry.npmjs.org/babel-helper-remap-async-to-generator/-/babel-helper-remap-async-to-generator-6.18.0.tgz#336cdf3cab650bb191b02fc16a3708e7be7f9ce5"
  dependencies:
    babel-helper-function-name "^6.18.0"
    babel-runtime "^6.0.0"
    babel-template "^6.16.0"
    babel-traverse "^6.18.0"
    babel-types "^6.18.0"

babel-helpers@^6.16.0:
  version "6.16.0"
  resolved "https://registry.npmjs.org/babel-helpers/-/babel-helpers-6.16.0.tgz#1095ec10d99279460553e67eb3eee9973d3867e3"
  dependencies:
    babel-runtime "^6.0.0"
    babel-template "^6.16.0"

babel-messages@^6.8.0:
  version "6.8.0"
  resolved "https://registry.npmjs.org/babel-messages/-/babel-messages-6.8.0.tgz#bf504736ca967e6d65ef0adb5a2a5f947c8e0eb9"
  dependencies:
    babel-runtime "^6.0.0"

babel-plugin-syntax-async-functions@^6.8.0:
  version "6.13.0"
  resolved "https://registry.npmjs.org/babel-plugin-syntax-async-functions/-/babel-plugin-syntax-async-functions-6.13.0.tgz#cad9cad1191b5ad634bf30ae0872391e0647be95"

babel-plugin-transform-async-to-generator:
  version "6.16.0"
  resolved "https://registry.npmjs.org/babel-plugin-transform-async-to-generator/-/babel-plugin-transform-async-to-generator-6.16.0.tgz#19ec36cb1486b59f9f468adfa42ce13908ca2999"
  dependencies:
    babel-helper-remap-async-to-generator "^6.16.0"
    babel-plugin-syntax-async-functions "^6.8.0"
    babel-runtime "^6.0.0"

babel-plugin-transform-es2015-modules-commonjs:
  version "6.18.0"
  resolved "https://registry.npmjs.org/babel-plugin-transform-es2015-modules-commonjs/-/babel-plugin-transform-es2015-modules-commonjs-6.18.0.tgz#c15ae5bb11b32a0abdcc98a5837baa4ee8d67bcc"
  dependencies:
    babel-plugin-transform-strict-mode "^6.18.0"
    babel-runtime "^6.0.0"
    babel-template "^6.16.0"
    babel-types "^6.18.0"

babel-plugin-transform-strict-mode@^6.18.0:
  version "6.18.0"
  resolved "https://registry.npmjs.org/babel-plugin-transform-strict-mode/-/babel-plugin-transform-strict-mode-6.18.0.tgz#df7cf2991fe046f44163dcd110d5ca43bc652b9d"
  dependencies:
    babel-runtime "^6.0.0"
    babel-types "^6.18.0"

babel-register, babel-register@^6.18.0:
  version "6.18.0"
  resolved "https://registry.npmjs.org/babel-register/-/babel-register-6.18.0.tgz#892e2e03865078dd90ad2c715111ec4449b32a68"
  dependencies:
    babel-core "^6.18.0"
    babel-runtime "^6.11.6"
    core-js "^2.4.0"
    home-or-tmp "^2.0.0"
    lodash "^4.2.0"
    mkdirp "^0.5.1"
    source-map-support "^0.4.2"

babel-runtime@^6.0.0, babel-runtime@^6.11.6, babel-runtime@^6.9.0, babel-runtime@^6.9.1:
  version "6.18.0"
  resolved "https://registry.npmjs.org/babel-runtime/-/babel-runtime-6.18.0.tgz#0f4177ffd98492ef13b9f823e9994a02584c9078"
  dependencies:
    core-js "^2.4.0"
    regenerator-runtime "^0.9.5"

babel-template@^6.16.0, babel-template@^6.8.0:
  version "6.16.0"
  resolved "https://registry.npmjs.org/babel-template/-/babel-template-6.16.0.tgz#e149dd1a9f03a35f817ddbc4d0481988e7ebc8ca"
  dependencies:
    babel-runtime "^6.9.0"
    babel-traverse "^6.16.0"
    babel-types "^6.16.0"
    babylon "^6.11.0"
    lodash "^4.2.0"

babel-traverse@^6.16.0, babel-traverse@^6.18.0:
  version "6.18.0"
  resolved "https://registry.npmjs.org/babel-traverse/-/babel-traverse-6.18.0.tgz#5aeaa980baed2a07c8c47329cd90c3b90c80f05e"
  dependencies:
    babel-code-frame "^6.16.0"
    babel-messages "^6.8.0"
    babel-runtime "^6.9.0"
    babel-types "^6.18.0"
    babylon "^6.11.0"
    debug "^2.2.0"
    globals "^9.0.0"
    invariant "^2.2.0"
    lodash "^4.2.0"

babel-types@^6.16.0, babel-types@^6.18.0:
  version "6.18.0"
  resolved "https://registry.npmjs.org/babel-types/-/babel-types-6.18.0.tgz#1f7d5a73474c59eb9151b2417bbff4e4fce7c3f8"
  dependencies:
    babel-runtime "^6.9.1"
    esutils "^2.0.2"
    lodash "^4.2.0"
    to-fast-properties "^1.0.1"

babylon@^6.11.0:
  version "6.13.1"
  resolved "https://registry.npmjs.org/babylon/-/babylon-6.13.1.tgz#adca350e088f0467647157652bafead6ddb8dfdb"

balanced-match@^0.4.1:
  version "0.4.2"
  resolved "https://registry.npmjs.org/balanced-match/-/balanced-match-0.4.2.tgz#cb3f3e3c732dc0f01ee70b403f302e61d7709838"

basic-auth@~1.0.3:
  version "1.0.4"
  resolved "https://registry.yarnpkg.com/basic-auth/-/basic-auth-1.0.4.tgz#030935b01de7c9b94a824b29f3fccb750d3a5290"

bluebird, bluebird@^3.1.1:
  version "3.4.6"
  resolved "https://registry.npmjs.org/bluebird/-/bluebird-3.4.6.tgz#01da8d821d87813d158967e743d5fe6c62cf8c0f"

bluebird-co@^2.1.1:
  version "2.2.0"
  resolved "https://registry.npmjs.org/bluebird-co/-/bluebird-co-2.2.0.tgz#e0a49e63b6b17e34c91f48b3934b769a377fbed7"

brace-expansion@^1.0.0:
  version "1.1.6"
  resolved "https://registry.npmjs.org/brace-expansion/-/brace-expansion-1.1.6.tgz#7197d7eaa9b87e648390ea61fc66c84427420df9"
  dependencies:
    balanced-match "^0.4.1"
    concat-map "0.0.1"

bytes@2.4.0:
  version "2.4.0"
  resolved "https://registry.npmjs.org/bytes/-/bytes-2.4.0.tgz#7d97196f9d5baf7f6935e25985549edd2a6c2339"

chalk@^1.1.0:
  version "1.1.3"
  resolved "https://registry.npmjs.org/chalk/-/chalk-1.1.3.tgz#a8115c55e4a702fe4d150abd3872822a7e09fc98"
  dependencies:
    ansi-styles "^2.2.1"
    escape-string-regexp "^1.0.2"
    has-ansi "^2.0.0"
    strip-ansi "^3.0.0"
    supports-color "^2.0.0"

co-body@^4.2.0:
  version "4.2.0"
  resolved "https://registry.npmjs.org/co-body/-/co-body-4.2.0.tgz#74df20fa73262125dc45482af04e342ea8db3515"
  dependencies:
    inflation "~2.0.0"
    qs "~4.0.0"
    raw-body "~2.1.2"
    type-is "~1.6.6"

co@^4.6.0:
  version "4.6.0"
  resolved "https://registry.yarnpkg.com/co/-/co-4.6.0.tgz#6ea6bdf3d853ae54ccb8e47bfa0bf3f9031fb184"

concat-map@0.0.1:
  version "0.0.1"
  resolved "https://registry.npmjs.org/concat-map/-/concat-map-0.0.1.tgz#d8a96bd77fd68df7793a73036a3ba0d5405d477b"

content-disposition@~0.5.0:
  version "0.5.1"
  resolved "https://registry.yarnpkg.com/content-disposition/-/content-disposition-0.5.1.tgz#87476c6a67c8daa87e32e87616df883ba7fb071b"

content-type@^1.0.0:
  version "1.0.2"
  resolved "https://registry.yarnpkg.com/content-type/-/content-type-1.0.2.tgz#b7d113aee7a8dd27bd21133c4dc2529df1721eed"

convert-source-map@^1.1.0:
  version "1.3.0"
  resolved "https://registry.npmjs.org/convert-source-map/-/convert-source-map-1.3.0.tgz#e9f3e9c6e2728efc2676696a70eb382f73106a67"

cookies@~0.6.1:
  version "0.6.1"
  resolved "https://registry.yarnpkg.com/cookies/-/cookies-0.6.1.tgz#ef693b1bc6f01f567d46e2f504e9c15fb70cba90"
  dependencies:
    depd "~1.1.0"
    keygrip "~1.0.0"

core-js@^2.4.0:
  version "2.4.1"
  resolved "https://registry.npmjs.org/core-js/-/core-js-2.4.1.tgz#4de911e667b0eae9124e34254b53aea6fc618d3e"

debug@*, debug@^2.1.1, debug@^2.2.0, debug@~2.2.0:
  version "2.2.0"
  resolved "https://registry.yarnpkg.com/debug/-/debug-2.2.0.tgz#f87057e995b1a1f6ae6a4960664137bc56f039da"
  dependencies:
    ms "0.7.1"

deep-equal@~1.0.0:
  version "1.0.1"
  resolved "https://registry.yarnpkg.com/deep-equal/-/deep-equal-1.0.1.tgz#f5d260292b660e084eff4cdbc9f08ad3247448b5"

delegates@^1.0.0:
  version "1.0.0"
  resolved "https://registry.yarnpkg.com/delegates/-/delegates-1.0.0.tgz#84c6e159b81904fdca59a0ef44cd870d31250f9a"

depd@^1.1.0, depd@~1.1.0:
  version "1.1.0"
  resolved "https://registry.yarnpkg.com/depd/-/depd-1.1.0.tgz#e1bd82c6aab6ced965b97b88b17ed3e528ca18c3"

destroy@^1.0.3:
  version "1.0.4"
  resolved "https://registry.yarnpkg.com/destroy/-/destroy-1.0.4.tgz#978857442c44749e4206613e37946205826abd80"

detect-indent@^4.0.0:
  version "4.0.0"
  resolved "https://registry.npmjs.org/detect-indent/-/detect-indent-4.0.0.tgz#f76d064352cdf43a1cb6ce619c4ee3a9475de208"
  dependencies:
    repeating "^2.0.0"

dotenv:
  version "2.0.0"
  resolved "https://registry.yarnpkg.com/dotenv/-/dotenv-2.0.0.tgz#bd759c357aaa70365e01c96b7b0bec08a6e0d949"

ee-first@1.1.1:
  version "1.1.1"
  resolved "https://registry.yarnpkg.com/ee-first/-/ee-first-1.1.1.tgz#590c61156b0ae2f4f0255732a158b266bc56b21d"

error-inject@~1.0.0:
  version "1.0.0"
  resolved "https://registry.yarnpkg.com/error-inject/-/error-inject-1.0.0.tgz#e2b3d91b54aed672f309d950d154850fa11d4f37"

escape-html@~1.0.1:
  version "1.0.3"
  resolved "https://registry.yarnpkg.com/escape-html/-/escape-html-1.0.3.tgz#0258eae4d3d0c0974de1c169188ef0051d1d1988"

escape-string-regexp@^1.0.2:
  version "1.0.5"
  resolved "https://registry.npmjs.org/escape-string-regexp/-/escape-string-regexp-1.0.5.tgz#1b61c0562190a8dff6ae3bb2cf0200ca130b86d4"

esutils@^2.0.2:
  version "2.0.2"
  resolved "https://registry.npmjs.org/esutils/-/esutils-2.0.2.tgz#0abf4f1caa5bcb1f7a9d8acc6dea4faaa04bac9b"

follow-redirects@0.0.7:
  version "0.0.7"
  resolved "https://registry.npmjs.org/follow-redirects/-/follow-redirects-0.0.7.tgz#34b90bab2a911aa347571da90f22bd36ecd8a919"
  dependencies:
    debug "^2.2.0"
    stream-consume "^0.1.0"

fresh@^0.3.0:
  version "0.3.0"
  resolved "https://registry.yarnpkg.com/fresh/-/fresh-0.3.0.tgz#651f838e22424e7566de161d8358caa199f83d4f"

globals@^9.0.0:
  version "9.12.0"
  resolved "https://registry.npmjs.org/globals/-/globals-9.12.0.tgz#992ce90828c3a55fa8f16fada177adb64664cf9d"

has-ansi@^2.0.0:
  version "2.0.0"
  resolved "https://registry.npmjs.org/has-ansi/-/has-ansi-2.0.0.tgz#34f5049ce1ecdf2b0649af3ef24e45ed35416d91"
  dependencies:
    ansi-regex "^2.0.0"

home-or-tmp@^2.0.0:
  version "2.0.0"
  resolved "https://registry.npmjs.org/home-or-tmp/-/home-or-tmp-2.0.0.tgz#e36c3f2d2cae7d746a857e38d18d5f32a7882db8"
  dependencies:
    os-homedir "^1.0.0"
    os-tmpdir "^1.0.1"

http-assert@^1.1.0:
  version "1.2.0"
  resolved "https://registry.yarnpkg.com/http-assert/-/http-assert-1.2.0.tgz#d6392e6f6519def4e340266b35096db6d3feba00"
  dependencies:
    deep-equal "~1.0.0"
    http-errors "~1.4.0"

http-errors@^1.2.8, http-errors@^1.3.1:
  version "1.5.0"
  resolved "https://registry.yarnpkg.com/http-errors/-/http-errors-1.5.0.tgz#b1cb3d8260fd8e2386cad3189045943372d48211"
  dependencies:
    inherits "2.0.1"
    setprototypeof "1.0.1"
    statuses ">= 1.3.0 < 2"

http-errors@~1.4.0:
  version "1.4.0"
  resolved "https://registry.yarnpkg.com/http-errors/-/http-errors-1.4.0.tgz#6c0242dea6b3df7afda153c71089b31c6e82aabf"
  dependencies:
    inherits "2.0.1"
    statuses ">= 1.2.1 < 2"

iconv-lite@0.4.13:
  version "0.4.13"
  resolved "https://registry.npmjs.org/iconv-lite/-/iconv-lite-0.4.13.tgz#1f88aba4ab0b1508e8312acc39345f36e992e2f2"

inflation@~2.0.0:
  version "2.0.0"
  resolved "https://registry.npmjs.org/inflation/-/inflation-2.0.0.tgz#8b417e47c28f925a45133d914ca1fd389107f30f"

inherits@2.0.1:
  version "2.0.1"
  resolved "https://registry.yarnpkg.com/inherits/-/inherits-2.0.1.tgz#b17d08d326b4423e568eff719f91b0b1cbdf69f1"

invariant@^2.2.0:
  version "2.2.1"
  resolved "https://registry.npmjs.org/invariant/-/invariant-2.2.1.tgz#b097010547668c7e337028ebe816ebe36c8a8d54"
  dependencies:
    loose-envify "^1.0.0"

is-finite@^1.0.0:
  version "1.0.2"
  resolved "https://registry.npmjs.org/is-finite/-/is-finite-1.0.2.tgz#cc6677695602be550ef11e8b4aa6305342b6d0aa"
  dependencies:
    number-is-nan "^1.0.0"

is-generator-function@^1.0.3:
  version "1.0.3"
  resolved "https://registry.yarnpkg.com/is-generator-function/-/is-generator-function-1.0.3.tgz#d374ca57e807444fa2658be3728ed6b174b326b1"

isarray@0.0.1:
  version "0.0.1"
  resolved "https://registry.yarnpkg.com/isarray/-/isarray-0.0.1.tgz#8a18acfca9a8f4177e09abfc6038939b05d1eedf"

js-tokens@^1.0.1:
  version "1.0.3"
  resolved "https://registry.npmjs.org/js-tokens/-/js-tokens-1.0.3.tgz#14e56eb68c8f1a92c43d59f5014ec29dc20f2ae1"

js-tokens@^2.0.0:
  version "2.0.0"
  resolved "https://registry.npmjs.org/js-tokens/-/js-tokens-2.0.0.tgz#79903f5563ee778cc1162e6dcf1a0027c97f9cb5"

jsesc@^1.3.0:
  version "1.3.0"
  resolved "https://registry.npmjs.org/jsesc/-/jsesc-1.3.0.tgz#46c3fec8c1892b12b0833db9bc7622176dbab34b"

json5@^0.5.0:
  version "0.5.0"
  resolved "https://registry.npmjs.org/json5/-/json5-0.5.0.tgz#9b20715b026cbe3778fd769edccd822d8332a5b2"

keygrip@~1.0.0:
  version "1.0.1"
  resolved "https://registry.yarnpkg.com/keygrip/-/keygrip-1.0.1.tgz#b02fa4816eef21a8c4b35ca9e52921ffc89a30e9"

koa-adapter-bluebird:
  version "0.0.1"
  resolved "https://registry.npmjs.org/koa-adapter-bluebird/-/koa-adapter-bluebird-0.0.1.tgz#495094fc71917f1d5ab1928b52b0279b69e17566"
  dependencies:
    bluebird "^3.1.1"
    bluebird-co "^2.1.1"
    is-generator-function "^1.0.3"

koa-bodyparser@next:
  version "3.2.0"
  resolved "https://registry.npmjs.org/koa-bodyparser/-/koa-bodyparser-3.2.0.tgz#b916de17e2039fe82650481973d7c294f10b5719"
  dependencies:
    co-body "^4.2.0"

koa-compose@^3.0.0:
  version "3.2.0"
  resolved "https://registry.yarnpkg.com/koa-compose/-/koa-compose-3.2.0.tgz#bdbc0ca6d87a31ccaa23bd1e7fbb190c312cca84"
  dependencies:
    any-promise "^1.1.0"
    lodash "^4.16.4"

koa-convert@^1.2.0:
  version "1.2.0"
  resolved "https://registry.yarnpkg.com/koa-convert/-/koa-convert-1.2.0.tgz#da40875df49de0539098d1700b50820cebcd21d0"
  dependencies:
    co "^4.6.0"
    koa-compose "^3.0.0"

koa-cors:
  version "0.0.16"
  resolved "https://registry.npmjs.org/koa-cors/-/koa-cors-0.0.16.tgz#98107993a7909e34c042986c5ec6156d77f3432e"

koa-is-json@^1.0.0:
  version "1.0.0"
  resolved "https://registry.yarnpkg.com/koa-is-json/-/koa-is-json-1.0.0.tgz#273c07edcdcb8df6a2c1ab7d59ee76491451ec14"

koa-morgan:
  version "1.0.1"
  resolved "https://registry.yarnpkg.com/koa-morgan/-/koa-morgan-1.0.1.tgz#08052e0ce0d839d3c43178b90a5bb3424bef1f99"
  dependencies:
    morgan "^1.6.1"

koa-router@7.0.1:
  version "7.0.1"
  resolved "https://registry.yarnpkg.com/koa-router/-/koa-router-7.0.1.tgz#800a61d0a3342d3d1f96d8c688b84ed2a6314d97"
  dependencies:
    debug "^2.2.0"
    http-errors "^1.3.1"
    koa-compose "^3.0.0"
    methods "^1.0.1"
    path-to-regexp "^1.1.1"

koa@2.0.0:
  version "2.0.0"
  resolved "https://registry.yarnpkg.com/koa/-/koa-2.0.0.tgz#da865ae8ee4afae070425290455d2cdf4885f9dc"
  dependencies:
    accepts "^1.2.2"
    content-disposition "~0.5.0"
    content-type "^1.0.0"
    cookies "~0.6.1"
    debug "*"
    delegates "^1.0.0"
    depd "^1.1.0"
    destroy "^1.0.3"
    error-inject "~1.0.0"
    escape-html "~1.0.1"
    fresh "^0.3.0"
    http-assert "^1.1.0"
    http-errors "^1.2.8"
    is-generator-function "^1.0.3"
    koa-compose "^3.0.0"
    koa-convert "^1.2.0"
    koa-is-json "^1.0.0"
    mime-types "^2.0.7"
    on-finished "^2.1.0"
    only "0.0.2"
    parseurl "^1.3.0"
    statuses "^1.2.0"
    type-is "^1.5.5"
    vary "^1.0.0"

lodash@^4.16.4, lodash@^4.2.0:
  version "4.16.4"
  resolved "https://registry.yarnpkg.com/lodash/-/lodash-4.16.4.tgz#01ce306b9bad1319f2a5528674f88297aeb70127"

loose-envify@^1.0.0:
  version "1.2.0"
  resolved "https://registry.npmjs.org/loose-envify/-/loose-envify-1.2.0.tgz#69a65aad3de542cf4ee0f4fe74e8e33c709ccb0f"
  dependencies:
    js-tokens "^1.0.1"

media-typer@0.3.0:
  version "0.3.0"
  resolved "https://registry.yarnpkg.com/media-typer/-/media-typer-0.3.0.tgz#8710d7af0aa626f8fffa1ce00168545263255748"

methods@^1.0.1:
  version "1.1.2"
  resolved "https://registry.yarnpkg.com/methods/-/methods-1.1.2.tgz#5529a4d67654134edcc5266656835b0f851afcee"

mime-db@~1.24.0:
  version "1.24.0"
  resolved "https://registry.yarnpkg.com/mime-db/-/mime-db-1.24.0.tgz#e2d13f939f0016c6e4e9ad25a8652f126c467f0c"

mime-types@^2.0.7, mime-types@~2.1.11:
  version "2.1.12"
  resolved "https://registry.yarnpkg.com/mime-types/-/mime-types-2.1.12.tgz#152ba256777020dd4663f54c2e7bc26381e71729"
  dependencies:
    mime-db "~1.24.0"

minimatch@^3.0.2:
  version "3.0.3"
  resolved "https://registry.npmjs.org/minimatch/-/minimatch-3.0.3.tgz#2a4e4090b96b2db06a9d7df01055a62a77c9b774"
  dependencies:
    brace-expansion "^1.0.0"

minimist@0.0.8:
  version "0.0.8"
  resolved "https://registry.npmjs.org/minimist/-/minimist-0.0.8.tgz#857fcabfc3397d2625b8228262e86aa7a011b05d"

mkdirp@^0.5.1:
  version "0.5.1"
  resolved "https://registry.npmjs.org/mkdirp/-/mkdirp-0.5.1.tgz#30057438eac6cf7f8c4767f38648d6697d75c903"
  dependencies:
    minimist "0.0.8"

morgan@^1.6.1:
  version "1.7.0"
  resolved "https://registry.yarnpkg.com/morgan/-/morgan-1.7.0.tgz#eb10ca8e50d1abe0f8d3dad5c0201d052d981c62"
  dependencies:
    basic-auth "~1.0.3"
    debug "~2.2.0"
    depd "~1.1.0"
    on-finished "~2.3.0"
    on-headers "~1.0.1"

ms@0.7.1:
  version "0.7.1"
  resolved "https://registry.yarnpkg.com/ms/-/ms-0.7.1.tgz#9cd13c03adbff25b65effde7ce864ee952017098"

negotiator@0.6.1:
  version "0.6.1"
  resolved "https://registry.yarnpkg.com/negotiator/-/negotiator-0.6.1.tgz#2b327184e8992101177b28563fb5e7102acd0ca9"

number-is-nan@^1.0.0:
  version "1.0.1"
  resolved "https://registry.npmjs.org/number-is-nan/-/number-is-nan-1.0.1.tgz#097b602b53422a522c1afb8790318336941a011d"

on-finished@^2.1.0, on-finished@~2.3.0:
  version "2.3.0"
  resolved "https://registry.yarnpkg.com/on-finished/-/on-finished-2.3.0.tgz#20f1336481b083cd75337992a16971aa2d906947"
  dependencies:
    ee-first "1.1.1"

on-headers@~1.0.1:
  version "1.0.1"
  resolved "https://registry.yarnpkg.com/on-headers/-/on-headers-1.0.1.tgz#928f5d0f470d49342651ea6794b0857c100693f7"

only@0.0.2:
  version "0.0.2"
  resolved "https://registry.yarnpkg.com/only/-/only-0.0.2.tgz#2afde84d03e50b9a8edc444e30610a70295edfb4"

os-homedir@^1.0.0:
  version "1.0.2"
  resolved "https://registry.npmjs.org/os-homedir/-/os-homedir-1.0.2.tgz#ffbc4988336e0e833de0c168c7ef152121aa7fb3"

os-tmpdir@^1.0.1:
  version "1.0.2"
  resolved "https://registry.npmjs.org/os-tmpdir/-/os-tmpdir-1.0.2.tgz#bbe67406c79aa85c5cfec766fe5734555dfa1274"

parseurl@^1.3.0:
  version "1.3.1"
  resolved "https://registry.yarnpkg.com/parseurl/-/parseurl-1.3.1.tgz#c8ab8c9223ba34888aa64a297b28853bec18da56"

path-is-absolute@^1.0.0:
  version "1.0.1"
  resolved "https://registry.npmjs.org/path-is-absolute/-/path-is-absolute-1.0.1.tgz#174b9268735534ffbc7ace6bf53a5a9e1b5c5f5f"

path-to-regexp@^1.1.1:
  version "1.6.0"
  resolved "https://registry.yarnpkg.com/path-to-regexp/-/path-to-regexp-1.6.0.tgz#4c59cfeab5e360a2657b180730a4bb4582ecec5b"
  dependencies:
    isarray "0.0.1"

private@^0.1.6:
  version "0.1.6"
  resolved "https://registry.npmjs.org/private/-/private-0.1.6.tgz#55c6a976d0f9bafb9924851350fe47b9b5fbb7c1"

qs@~4.0.0:
  version "4.0.0"
  resolved "https://registry.npmjs.org/qs/-/qs-4.0.0.tgz#c31d9b74ec27df75e543a86c78728ed8d4623607"

raw-body@~2.1.2:
  version "2.1.7"
  resolved "https://registry.npmjs.org/raw-body/-/raw-body-2.1.7.tgz#adfeace2e4fb3098058014d08c072dcc59758774"
  dependencies:
    bytes "2.4.0"
    iconv-lite "0.4.13"
    unpipe "1.0.0"

regenerator-runtime@^0.9.5:
  version "0.9.5"
  resolved "https://registry.npmjs.org/regenerator-runtime/-/regenerator-runtime-0.9.5.tgz#403d6d40a4bdff9c330dd9392dcbb2d9a8bba1fc"

repeating@^2.0.0:
  version "2.0.1"
  resolved "https://registry.npmjs.org/repeating/-/repeating-2.0.1.tgz#5214c53a926d3552707527fbab415dbc08d06dda"
  dependencies:
    is-finite "^1.0.0"

setprototypeof@1.0.1:
  version "1.0.1"
  resolved "https://registry.yarnpkg.com/setprototypeof/-/setprototypeof-1.0.1.tgz#52009b27888c4dc48f591949c0a8275834c1ca7e"

slash@^1.0.0:
  version "1.0.0"
  resolved "https://registry.npmjs.org/slash/-/slash-1.0.0.tgz#c41f2f6c39fc16d1cd17ad4b5d896114ae470d55"

source-map-support@^0.4.2:
  version "0.4.5"
  resolved "https://registry.npmjs.org/source-map-support/-/source-map-support-0.4.5.tgz#4438df4219e1b3c7feb674614b4c67f9722db1e4"
  dependencies:
    source-map "^0.5.3"

source-map@^0.5.0, source-map@^0.5.3:
  version "0.5.6"
  resolved "https://registry.npmjs.org/source-map/-/source-map-0.5.6.tgz#75ce38f52bf0733c5a7f0c118d81334a2bb5f412"

statuses@^1.2.0, "statuses@>= 1.2.1 < 2", "statuses@>= 1.3.0 < 2":
  version "1.3.0"
  resolved "https://registry.yarnpkg.com/statuses/-/statuses-1.3.0.tgz#8e55758cb20e7682c1f4fce8dcab30bf01d1e07a"

stream-consume@^0.1.0:
  version "0.1.0"
  resolved "https://registry.npmjs.org/stream-consume/-/stream-consume-0.1.0.tgz#a41ead1a6d6081ceb79f65b061901b6d8f3d1d0f"

strip-ansi@^3.0.0:
  version "3.0.1"
  resolved "https://registry.npmjs.org/strip-ansi/-/strip-ansi-3.0.1.tgz#6a385fb8853d952d5ff05d0e8aaf94278dc63dcf"
  dependencies:
    ansi-regex "^2.0.0"

supports-color@^2.0.0:
  version "2.0.0"
  resolved "https://registry.npmjs.org/supports-color/-/supports-color-2.0.0.tgz#535d045ce6b6363fa40117084629995e9df324c7"

to-fast-properties@^1.0.1:
  version "1.0.2"
  resolved "https://registry.npmjs.org/to-fast-properties/-/to-fast-properties-1.0.2.tgz#f3f5c0c3ba7299a7ef99427e44633257ade43320"

type-is@^1.5.5, type-is@~1.6.6:
  version "1.6.13"
  resolved "https://registry.yarnpkg.com/type-is/-/type-is-1.6.13.tgz#6e83ba7bc30cd33a7bb0b7fb00737a2085bf9d08"
  dependencies:
    media-typer "0.3.0"
    mime-types "~2.1.11"

unpipe@1.0.0:
  version "1.0.0"
  resolved "https://registry.npmjs.org/unpipe/-/unpipe-1.0.0.tgz#b2bf4ee8514aae6165b4817829d21b2ef49904ec"

vary@^1.0.0:
  version "1.1.0"
  resolved "https://registry.yarnpkg.com/vary/-/vary-1.1.0.tgz#e1e5affbbd16ae768dd2674394b9ad3022653140"

